<?xml version="1.0" encoding="UTF-8"?>
<Scheme
   LastUpgradeVersion = "0510"
   version = "1.7">
   <BuildAction
      parallelizeBuildables = "YES"
      buildImplicitDependencies = "YES">
      <PreActions>
         <ExecutionAction
            ActionType = "Xcode.IDEStandardExecutionActionsCore.ExecutionActionType.ShellScriptAction">
            <ActionContent
               title = "Run Script"
               scriptText = "if [ `whoami` = &apos;_teamsserver&apos; ]; then&#10;echo &quot;running pod install as part of CI build&quot;&#10;chmod 777 /Library/Server/Xcode/Data&#10;cd ${SRCROOT}&#10;rm ./Podfile.lock&#10;sudo chown -R Administrator .&#10;sudo -H -u Administrator pod install&#10;sudo chown -R _teamsserver .&#10;fi">
               <EnvironmentBuildable>
                  <BuildableReference
                     BuildableIdentifier = "primary"
                     BlueprintIdentifier = "2727F350191AA92F00A41185"
                     BuildableName = "JiveOneEnterprise.app"
                     BlueprintName = "JiveOne Enterprise"
                     ReferencedContainer = "container:JiveOne.xcodeproj">
                  </BuildableReference>
               </EnvironmentBuildable>
            </ActionContent>
         </ExecutionAction>
      </PreActions>
      <BuildActionEntries>
         <BuildActionEntry
            buildForTesting = "YES"
            buildForRunning = "NO"
            buildForProfiling = "NO"
            buildForArchiving = "NO"
            buildForAnalyzing = "NO">
            <BuildableReference
               BuildableIdentifier = "primary"
               BlueprintIdentifier = "275F4A4D18AD0FBC00D2F069"
               BuildableName = "JiveOne.app"
               BlueprintName = "JiveOne"
               ReferencedContainer = "container:JiveOne.xcodeproj">
            </BuildableReference>
         </BuildActionEntry>
      </BuildActionEntries>
   </BuildAction>
   <TestAction
      selectedDebuggerIdentifier = "Xcode.DebuggerFoundation.Debugger.LLDB"
      selectedLauncherIdentifier = "Xcode.DebuggerFoundation.Launcher.LLDB"
      shouldUseLaunchSchemeArgsEnv = "YES"
      buildConfiguration = "Release">
      <Testables>
      </Testables>
      <MacroExpansion>
         <BuildableReference
            BuildableIdentifier = "primary"
            BlueprintIdentifier = "2727F350191AA92F00A41185"
            BuildableName = "JiveOneEnterprise.app"
            BlueprintName = "JiveOne Enterprise"
            ReferencedContainer = "container:JiveOne.xcodeproj">
         </BuildableReference>
      </MacroExpansion>
   </TestAction>
   <LaunchAction
      selectedDebuggerIdentifier = "Xcode.DebuggerFoundation.Debugger.LLDB"
      selectedLauncherIdentifier = "Xcode.DebuggerFoundation.Launcher.LLDB"
      launchStyle = "0"
      useCustomWorkingDirectory = "NO"
      buildConfiguration = "Release"
      ignoresPersistentStateOnLaunch = "NO"
      debugDocumentVersioning = "YES"
      allowLocationSimulation = "YES">
      <BuildableProductRunnable>
         <BuildableReference
            BuildableIdentifier = "primary"
            BlueprintIdentifier = "2727F350191AA92F00A41185"
            BuildableName = "JiveOneEnterprise.app"
            BlueprintName = "JiveOne Enterprise"
            ReferencedContainer = "container:JiveOne.xcodeproj">
         </BuildableReference>
      </BuildableProductRunnable>
      <AdditionalOptions>
      </AdditionalOptions>
   </LaunchAction>
   <ProfileAction
      shouldUseLaunchSchemeArgsEnv = "YES"
      savedToolIdentifier = ""
      useCustomWorkingDirectory = "NO"
      buildConfiguration = "Release"
      debugDocumentVersioning = "YES">
      <BuildableProductRunnable>
         <BuildableReference
            BuildableIdentifier = "primary"
            BlueprintIdentifier = "2727F350191AA92F00A41185"
            BuildableName = "JiveOneEnterprise.app"
            BlueprintName = "JiveOne Enterprise"
            ReferencedContainer = "container:JiveOne.xcodeproj">
         </BuildableReference>
      </BuildableProductRunnable>
   </ProfileAction>
   <AnalyzeAction
      buildConfiguration = "Release">
   </AnalyzeAction>
   <ArchiveAction
      buildConfiguration = "Release"
      revealArchiveInOrganizer = "YES">
      <PostActions>
         <ExecutionAction
            ActionType = "Xcode.IDEStandardExecutionActionsCore.ExecutionActionType.ShellScriptAction">
            <ActionContent
               title = "Run Script"
               scriptText = "SIGNING_IDENTITY=&quot;iPhone Distribution: JIVE COMMUNICATION, INC&quot;&#10;&#10;# DO NOT EDIT BELOW HERE!&#10;########################################&#10;DSYM=&quot;/tmp/Archive.xcarchive/dSYMs/${PRODUCT_NAME}.app.dSYM&quot;&#10;&#10;IPA=&quot;/tmp/${PRODUCT_NAME}.ipa&quot;&#10;&#10;APP=&quot;/tmp/Archive.xcarchive/Products/Applications/${PRODUCT_NAME}.app&quot;&#10;&#10;# Clear out any old copies of the Archive&#10;echo &quot;Removing old Archive files from /tmp...&quot;;&#10;/bin/rm -rf /tmp/Archive.xcarchive*&#10;&#10;#Copy over the latest build the bot just created&#10;echo &quot;Copying latest Archive to /tmp/...&quot;;&#10;LATESTBUILD=$(ls -1rt /Library/Server/Xcode/Data/BotRuns | tail -1)&#10;/bin/cp -Rp &quot;/Library/Server/Xcode/Data/BotRuns/${LATESTBUILD}/output/Archive.xcarchive&quot; &quot;/tmp/&quot;&#10;&#10;echo &quot;Copying IPA1 to jiveios.local Directory.&quot;&#10;/bin/cp -p &quot;${IPA}&quot; &quot;/Library/Server/Web/Data/Sites/Default/&quot;&#10;echo &quot;Done copying IPA1 to jiveios.local Directory.&quot;&#10;&#10;echo &quot;Creating .ipa for ${PRODUCT_NAME}&quot;&#10;/bin/rm &quot;${IPA}&quot;&#10;/usr/bin/xcrun -sdk iphoneos PackageApplication -v &quot;${APP}&quot; -o &quot;${IPA}&quot; --sign &quot;${SIGNING_IDENTITY}&quot; --embed &quot;${PROVISIONING_PROFILE}&quot;&#10;echo &quot;Done with IPA creation.&quot;&#10;&#10;echo &quot;Copying IPA2 to jiveios.local Directory.&quot;&#10;/bin/cp -p &quot;${IPA}&quot; &quot;/Library/Server/Web/Data/Sites/Default/&quot;&#10;echo &quot;Done copying IPA2 to jiveios.local Directory.&quot;">
               <EnvironmentBuildable>
                  <BuildableReference
                     BuildableIdentifier = "primary"
                     BlueprintIdentifier = "2727F350191AA92F00A41185"
                     BuildableName = "JiveOneEnterprise.app"
                     BlueprintName = "JiveOne Enterprise"
                     ReferencedContainer = "container:JiveOne.xcodeproj">
                  </BuildableReference>
               </EnvironmentBuildable>
            </ActionContent>
         </ExecutionAction>
      </PostActions>
   </ArchiveAction>
</Scheme>
