<?xml version="1.0" encoding="UTF-8"?>
<Scheme
   LastUpgradeVersion = "0510"
   version = "1.7">
   <BuildAction
      parallelizeBuildables = "NO"
      buildImplicitDependencies = "YES">
      <PreActions>
         <ExecutionAction
            ActionType = "Xcode.IDEStandardExecutionActionsCore.ExecutionActionType.ShellScriptAction">
            <ActionContent
               title = "Run Script"
               scriptText = "if [ `whoami` = &apos;_teamsserver&apos; ]; then&#10;echo &quot;running pod install as part of CI build&quot;&#10;chmod 777 /Library/Server/Xcode/Data&#10;cd ${SRCROOT}&#10;rm ./Podfile.lock&#10;sudo chown -R Administrator .&#10;sudo -H -u Administrator pod install&#10;sudo chown -R _teamsserver .&#10;fi"
               shellToInvoke = "/bin/sh">
               <EnvironmentBuildable>
                  <BuildableReference
                     BuildableIdentifier = "primary"
                     BlueprintIdentifier = "275F4A4D18AD0FBC00D2F069"
                     BuildableName = "JiveOne.app"
                     BlueprintName = "JiveOne"
                     ReferencedContainer = "container:JiveOne.xcodeproj">
                  </BuildableReference>
               </EnvironmentBuildable>
            </ActionContent>
         </ExecutionAction>
      </PreActions>
      <BuildActionEntries>
         <BuildActionEntry
            buildForTesting = "YES"
            buildForRunning = "YES"
            buildForProfiling = "YES"
            buildForArchiving = "YES"
            buildForAnalyzing = "YES">
            <BuildableReference
               BuildableIdentifier = "primary"
               BlueprintIdentifier = "275F4A4D18AD0FBC00D2F069"
               BuildableName = "JiveOne.app"
               BlueprintName = "JiveOne"
               ReferencedContainer = "container:JiveOne.xcodeproj">
            </BuildableReference>
         </BuildActionEntry>
      </BuildActionEntries>
   </BuildAction>
   <TestAction
      selectedDebuggerIdentifier = "Xcode.DebuggerFoundation.Debugger.LLDB"
      selectedLauncherIdentifier = "Xcode.DebuggerFoundation.Launcher.LLDB"
      shouldUseLaunchSchemeArgsEnv = "YES"
      buildConfiguration = "Debug">
      <PostActions>
         <ExecutionAction
            ActionType = "Xcode.IDEStandardExecutionActionsCore.ExecutionActionType.ShellScriptAction">
            <ActionContent
               title = "Run Script"
               scriptText = "//if internal-checkout-error on build, run this:&#10;//rm -rf /Library/Server/Xcode/Data/BotRuns/Cache/&#10;&#10;//create tmp folder and ui_errors.txt in place for later&#10;cd &quot;${PROJECT_DIR}&quot;&#10;sudo chown -R Administrator .&#10;cd &quot;${PROJECT_DIR}/JiveOneTests/integration&quot;&#10;sudo -H -u Administrator mkdir &quot;tmp&quot;&#10;cd &quot;${PROJECT_DIR}/JiveOneTests/integration/tmp&quot;&#10;sudo -H -u Administrator touch &quot;ui_errors.txt&quot;&#10;sudo -H -u Administrator chmod 777 &quot;${PROJECT_DIR}/JiveOneTests/integration/tmp/ui_errors.txt&quot;&#10;//create build folder and subfolders so that bwoken can place temp files there&#10;cd &quot;${PROJECT_DIR}/JiveOneTests&quot;&#10;sudo -H -u Administrator mkdir &quot;build&quot;&#10;cd &quot;${PROJECT_DIR}/JiveOneTests/build&quot;&#10;sudo -H -u Administrator mkdir &quot;iphoneos&quot;&#10;&#10;cd &quot;${PROJECT_DIR}&quot;&#10;pwd&#10;echo &quot;Creating build for bwoken. Will run tests as user: &quot;&#10;sudo -u Administrator whoami&#10;&#10;sudo -u Administrator bwoken test --integration-path=JiveOneTests/integration --scheme=&quot;JiveClient_Debug&quot; | awk &apos;/Error/ || /Fail/{ print &gt; &quot;JiveOneTests/integration/tmp/ui_errors.txt&quot;} 1&apos;&#10;&#10;filesize=$(stat -f &quot;%z&quot; JiveOneTests/integration/tmp/ui_errors.txt)&#10;&#10;if [ $filesize = &quot;0&quot; ]; then&#10;&#10;//remove all run files&#10;    rm -rf JiveOneTests/integration/tmp/results/Run*&#10;&#10;    echo&#10;    echo &quot;UIAutomation has finished&quot;&#10;    echo&#10;&#10;else&#10;    echo&#10;    echo &quot;UIAutomation has errors:&quot;&#10;//log the error&#10;    cat JiveOneTests/integration/tmp/ui_errors.txt&#10;    echo&#10;//    kill $PPID&#10;//    exit 1&#10;fi&#10;sudo chown -R _teamsserver .">
               <EnvironmentBuildable>
                  <BuildableReference
                     BuildableIdentifier = "primary"
                     BlueprintIdentifier = "275F4A4D18AD0FBC00D2F069"
                     BuildableName = "JiveOne.app"
                     BlueprintName = "JiveOne"
                     ReferencedContainer = "container:JiveOne.xcodeproj">
                  </BuildableReference>
               </EnvironmentBuildable>
            </ActionContent>
         </ExecutionAction>
      </PostActions>
      <Testables>
         <TestableReference
            skipped = "NO">
            <BuildableReference
               BuildableIdentifier = "primary"
               BlueprintIdentifier = "275F4A7418AD0FBC00D2F069"
               BuildableName = "JiveOneTests.xctest"
               BlueprintName = "JiveOneTests"
               ReferencedContainer = "container:JiveOne.xcodeproj">
            </BuildableReference>
            <SkippedTests>
               <Test
                  Identifier = "JiveOneTests/testLogout">
               </Test>
            </SkippedTests>
         </TestableReference>
      </Testables>
      <MacroExpansion>
         <BuildableReference
            BuildableIdentifier = "primary"
            BlueprintIdentifier = "275F4A4D18AD0FBC00D2F069"
            BuildableName = "JiveOne.app"
            BlueprintName = "JiveOne"
            ReferencedContainer = "container:JiveOne.xcodeproj">
         </BuildableReference>
      </MacroExpansion>
   </TestAction>
   <LaunchAction
      selectedDebuggerIdentifier = "Xcode.DebuggerFoundation.Debugger.LLDB"
      selectedLauncherIdentifier = "Xcode.DebuggerFoundation.Launcher.LLDB"
      launchStyle = "0"
      useCustomWorkingDirectory = "NO"
      buildConfiguration = "Debug"
      ignoresPersistentStateOnLaunch = "NO"
      debugDocumentVersioning = "YES"
      allowLocationSimulation = "YES">
      <BuildableProductRunnable>
         <BuildableReference
            BuildableIdentifier = "primary"
            BlueprintIdentifier = "275F4A4D18AD0FBC00D2F069"
            BuildableName = "JiveOne.app"
            BlueprintName = "JiveOne"
            ReferencedContainer = "container:JiveOne.xcodeproj">
         </BuildableReference>
      </BuildableProductRunnable>
      <EnvironmentVariables>
         <EnvironmentVariable
            key = "Bundle identifier"
            value = "com.jive.JiveOne"
            isEnabled = "YES">
         </EnvironmentVariable>
      </EnvironmentVariables>
      <AdditionalOptions>
      </AdditionalOptions>
   </LaunchAction>
   <ProfileAction
      shouldUseLaunchSchemeArgsEnv = "YES"
      savedToolIdentifier = ""
      useCustomWorkingDirectory = "NO"
      buildConfiguration = "Debug"
      debugDocumentVersioning = "YES">
      <BuildableProductRunnable>
         <BuildableReference
            BuildableIdentifier = "primary"
            BlueprintIdentifier = "275F4A4D18AD0FBC00D2F069"
            BuildableName = "JiveOne.app"
            BlueprintName = "JiveOne"
            ReferencedContainer = "container:JiveOne.xcodeproj">
         </BuildableReference>
      </BuildableProductRunnable>
   </ProfileAction>
   <AnalyzeAction
      buildConfiguration = "Debug">
   </AnalyzeAction>
   <ArchiveAction
      buildConfiguration = "Debug"
      revealArchiveInOrganizer = "YES">
      <PostActions>
         <ExecutionAction
            ActionType = "Xcode.IDEStandardExecutionActionsCore.ExecutionActionType.ShellScriptAction">
            <ActionContent
               title = "Run Script"
               scriptText = "&quot;${PRODUCT_DIR}/build/iphoneos/">
               <EnvironmentBuildable>
                  <BuildableReference
                     BuildableIdentifier = "primary"
                     BlueprintIdentifier = "275F4A4D18AD0FBC00D2F069"
                     BuildableName = "JiveOne.app"
                     BlueprintName = "JiveOne"
                     ReferencedContainer = "container:JiveOne.xcodeproj">
                  </BuildableReference>
               </EnvironmentBuildable>
            </ActionContent>
         </ExecutionAction>
      </PostActions>
   </ArchiveAction>
</Scheme>
