<?xml version="1.0" encoding="UTF-8"?>
<Scheme
   LastUpgradeVersion = "0510"
   version = "1.7">
   <BuildAction
      parallelizeBuildables = "YES"
      buildImplicitDependencies = "YES">
      <PreActions>
         <ExecutionAction
            ActionType = "Xcode.IDEStandardExecutionActionsCore.ExecutionActionType.ShellScriptAction">
            <ActionContent
               title = "Run Script"
               scriptText = "if [ `whoami` = &apos;_teamsserver&apos; ]; then&#10;echo &quot;running pod install as part of CI build&quot;&#10;chmod 777 /Library/Server/Xcode/Data&#10;cd ${SRCROOT}&#10;rm ./Podfile.lock&#10;sudo chown -R Administrator .&#10;sudo -H -u Administrator pod install&#10;sudo chown -R _teamsserver .&#10;fi"
               shellToInvoke = "/bin/sh">
               <EnvironmentBuildable>
                  <BuildableReference
                     BuildableIdentifier = "primary"
                     BlueprintIdentifier = "275F4A4D18AD0FBC00D2F069"
                     BuildableName = "JiveOne.app"
                     BlueprintName = "JiveOne"
                     ReferencedContainer = "container:JiveOne.xcodeproj">
                  </BuildableReference>
               </EnvironmentBuildable>
            </ActionContent>
         </ExecutionAction>
      </PreActions>
      <BuildActionEntries>
         <BuildActionEntry
            buildForTesting = "YES"
            buildForRunning = "YES"
            buildForProfiling = "YES"
            buildForArchiving = "YES"
            buildForAnalyzing = "YES">
            <BuildableReference
               BuildableIdentifier = "primary"
               BlueprintIdentifier = "275F4A4D18AD0FBC00D2F069"
               BuildableName = "JiveOne.app"
               BlueprintName = "JiveOne"
               ReferencedContainer = "container:JiveOne.xcodeproj">
            </BuildableReference>
         </BuildActionEntry>
      </BuildActionEntries>
   </BuildAction>
   <TestAction
      selectedDebuggerIdentifier = "Xcode.DebuggerFoundation.Debugger.LLDB"
      selectedLauncherIdentifier = "Xcode.DebuggerFoundation.Launcher.LLDB"
      shouldUseLaunchSchemeArgsEnv = "YES"
      buildConfiguration = "Debug">
      <PostActions>
         <ExecutionAction
            ActionType = "Xcode.IDEStandardExecutionActionsCore.ExecutionActionType.ShellScriptAction">
            <ActionContent
               title = "Run Script"
               scriptText = "">
               <EnvironmentBuildable>
                  <BuildableReference
                     BuildableIdentifier = "primary"
                     BlueprintIdentifier = "275F4A4D18AD0FBC00D2F069"
                     BuildableName = "JiveOne.app"
                     BlueprintName = "JiveOne"
                     ReferencedContainer = "container:JiveOne.xcodeproj">
                  </BuildableReference>
               </EnvironmentBuildable>
            </ActionContent>
         </ExecutionAction>
      </PostActions>
      <Testables>
         <TestableReference
            skipped = "NO">
            <BuildableReference
               BuildableIdentifier = "primary"
               BlueprintIdentifier = "275F4A7418AD0FBC00D2F069"
               BuildableName = "JiveOneTests.xctest"
               BlueprintName = "JiveOneTests"
               ReferencedContainer = "container:JiveOne.xcodeproj">
            </BuildableReference>
            <SkippedTests>
               <Test
                  Identifier = "JiveOneTests/testLogout">
               </Test>
            </SkippedTests>
         </TestableReference>
      </Testables>
      <MacroExpansion>
         <BuildableReference
            BuildableIdentifier = "primary"
            BlueprintIdentifier = "275F4A4D18AD0FBC00D2F069"
            BuildableName = "JiveOne.app"
            BlueprintName = "JiveOne"
            ReferencedContainer = "container:JiveOne.xcodeproj">
         </BuildableReference>
      </MacroExpansion>
   </TestAction>
   <LaunchAction
      selectedDebuggerIdentifier = "Xcode.DebuggerFoundation.Debugger.LLDB"
      selectedLauncherIdentifier = "Xcode.DebuggerFoundation.Launcher.LLDB"
      launchStyle = "0"
      useCustomWorkingDirectory = "NO"
      buildConfiguration = "Debug"
      ignoresPersistentStateOnLaunch = "NO"
      debugDocumentVersioning = "YES"
      allowLocationSimulation = "YES">
      <BuildableProductRunnable>
         <BuildableReference
            BuildableIdentifier = "primary"
            BlueprintIdentifier = "275F4A4D18AD0FBC00D2F069"
            BuildableName = "JiveOne.app"
            BlueprintName = "JiveOne"
            ReferencedContainer = "container:JiveOne.xcodeproj">
         </BuildableReference>
      </BuildableProductRunnable>
      <EnvironmentVariables>
         <EnvironmentVariable
            key = "Bundle identifier"
            value = "com.jive.JiveOne"
            isEnabled = "YES">
         </EnvironmentVariable>
      </EnvironmentVariables>
      <AdditionalOptions>
      </AdditionalOptions>
   </LaunchAction>
   <ProfileAction
      shouldUseLaunchSchemeArgsEnv = "YES"
      savedToolIdentifier = ""
      useCustomWorkingDirectory = "NO"
      buildConfiguration = "Debug"
      debugDocumentVersioning = "YES">
      <BuildableProductRunnable>
         <BuildableReference
            BuildableIdentifier = "primary"
            BlueprintIdentifier = "275F4A4D18AD0FBC00D2F069"
            BuildableName = "JiveOne.app"
            BlueprintName = "JiveOne"
            ReferencedContainer = "container:JiveOne.xcodeproj">
         </BuildableReference>
      </BuildableProductRunnable>
   </ProfileAction>
   <AnalyzeAction
      buildConfiguration = "Debug">
   </AnalyzeAction>
   <ArchiveAction
      buildConfiguration = "Debug"
      revealArchiveInOrganizer = "YES">
   </ArchiveAction>
</Scheme>
